
Microsoft Visual Studio Solution File, Format Version 12.00
# Visual Studio Version 17
VisualStudioVersion = 17.7.34202.233
MinimumVisualStudioVersion = 10.0.40219.1
Project("{FAE04EC0-301F-11D3-BF4B-00C04F79EFBC}") = "FirstApplication", "FirstApplication\FirstApplication.csproj", "{8CFADB7D-7D23-48D1-860A-2BF7361BBF9C}"
EndProject
Global
	GlobalSection(SolutionConfigurationPlatforms) = preSolution
		Debug|Any CPU = Debug|Any CPU
		Release|Any CPU = Release|Any CPU
	EndGlobalSection
	GlobalSection(ProjectConfigurationPlatforms) = postSolution
		{8CFADB7D-7D23-48D1-860A-2BF7361BBF9C}.Debug|Any CPU.ActiveCfg = Debug|Any CPU
		{8CFADB7D-7D23-48D1-860A-2BF7361BBF9C}.Debug|Any CPU.Build.0 = Debug|Any CPU
		{8CFADB7D-7D23-48D1-860A-2BF7361BBF9C}.Release|Any CPU.ActiveCfg = Release|Any CPU
		{8CFADB7D-7D23-48D1-860A-2BF7361BBF9C}.Release|Any CPU.Build.0 = Release|Any CPU
	EndGlobalSection
	GlobalSection(SolutionProperties) = preSolution
		HideSolutionNode = FALSE
	EndGlobalSection
	GlobalSection(ExtensibilityGlobals) = postSolution
		SolutionGuid = {4FB21D2C-AE75-4AD4-8EF1-418FC4244555}
	EndGlobalSection
EndGlobal
